// !$*UTF8*$!
{
	archiveVersion = 1;
	classes = {
	};
	objectVersion = 56;
	objects = {

/* Begin PBXBuildFile section */
		86030AAF2A8B6DA400DF2D73 /* AppDelegate.swift in Sources */ = {isa = PBXBuildFile; fileRef = 86030AAE2A8B6DA400DF2D73 /* AppDelegate.swift */; };
		86030AB12A8B6DA400DF2D73 /* SceneDelegate.swift in Sources */ = {isa = PBXBuildFile; fileRef = 86030AB02A8B6DA400DF2D73 /* SceneDelegate.swift */; };
		86030AB32A8B6DA400DF2D73 /* ViewController.swift in Sources */ = {isa = PBXBuildFile; fileRef = 86030AB22A8B6DA400DF2D73 /* ViewController.swift */; };
		86030AB62A8B6DA400DF2D73 /* Main.storyboard in Resources */ = {isa = PBXBuildFile; fileRef = 86030AB42A8B6DA400DF2D73 /* Main.storyboard */; };
		86030AB82A8B6DA500DF2D73 /* Assets.xcassets in Resources */ = {isa = PBXBuildFile; fileRef = 86030AB72A8B6DA500DF2D73 /* Assets.xcassets */; };
		86030ABB2A8B6DA500DF2D73 /* LaunchScreen.storyboard in Resources */ = {isa = PBXBuildFile; fileRef = 86030AB92A8B6DA500DF2D73 /* LaunchScreen.storyboard */; };
		86030AC92A8B6FCB00DF2D73 /* UniformTypeIdentifiers.framework in Frameworks */ = {isa = PBXBuildFile; fileRef = 86030AC82A8B6FCB00DF2D73 /* UniformTypeIdentifiers.framework */; };
		86030ACC2A8B6FCB00DF2D73 /* Media.xcassets in Resources */ = {isa = PBXBuildFile; fileRef = 86030ACB2A8B6FCB00DF2D73 /* Media.xcassets */; };
		86030ACE2A8B6FCB00DF2D73 /* ActionViewController.swift in Sources */ = {isa = PBXBuildFile; fileRef = 86030ACD2A8B6FCB00DF2D73 /* ActionViewController.swift */; };
		86030AD12A8B6FCB00DF2D73 /* MainInterface.storyboard in Resources */ = {isa = PBXBuildFile; fileRef = 86030ACF2A8B6FCB00DF2D73 /* MainInterface.storyboard */; };
		86030AD52A8B6FCB00DF2D73 /* Extension.appex in Embed Foundation Extensions */ = {isa = PBXBuildFile; fileRef = 86030AC62A8B6FCB00DF2D73 /* Extension.appex */; settings = {ATTRIBUTES = (RemoveHeadersOnCopy, ); }; };
		86030ADB2A8B742900DF2D73 /* Action.js in Resources */ = {isa = PBXBuildFile; fileRef = 86030ADA2A8B742900DF2D73 /* Action.js */; };
/* End PBXBuildFile section */

/* Begin PBXContainerItemProxy section */
		86030AD32A8B6FCB00DF2D73 /* PBXContainerItemProxy */ = {
			isa = PBXContainerItemProxy;
			containerPortal = 86030AA32A8B6DA400DF2D73 /* Project object */;
			proxyType = 1;
			remoteGlobalIDString = 86030AC52A8B6FCB00DF2D73;
			remoteInfo = Extension;
		};
/* End PBXContainerItemProxy section */

/* Begin PBXCopyFilesBuildPhase section */
		86030AD92A8B6FCB00DF2D73 /* Embed Foundation Extensions */ = {
			isa = PBXCopyFilesBuildPhase;
			buildActionMask = 2147483647;
			dstPath = "";
			dstSubfolderSpec = 13;
			files = (
				86030AD52A8B6FCB00DF2D73 /* Extension.appex in Embed Foundation Extensions */,
			);
			name = "Embed Foundation Extensions";
			runOnlyForDeploymentPostprocessing = 0;
		};
/* End PBXCopyFilesBuildPhase section */

/* Begin PBXFileReference section */
		86030AAB2A8B6DA400DF2D73 /* Project19.app */ = {isa = PBXFileReference; explicitFileType = wrapper.application; includeInIndex = 0; path = Project19.app; sourceTree = BUILT_PRODUCTS_DIR; };
		86030AAE2A8B6DA400DF2D73 /* AppDelegate.swift */ = {isa = PBXFileReference; lastKnownFileType = sourcecode.swift; path = AppDelegate.swift; sourceTree = "<group>"; };
		86030AB02A8B6DA400DF2D73 /* SceneDelegate.swift */ = {isa = PBXFileReference; lastKnownFileType = sourcecode.swift; path = SceneDelegate.swift; sourceTree = "<group>"; };
		86030AB22A8B6DA400DF2D73 /* ViewController.swift */ = {isa = PBXFileReference; lastKnownFileType = sourcecode.swift; path = ViewController.swift; sourceTree = "<group>"; };
		86030AB52A8B6DA400DF2D73 /* Base */ = {isa = PBXFileReference; lastKnownFileType = file.storyboard; name = Base; path = Base.lproj/Main.storyboard; sourceTree = "<group>"; };
		86030AB72A8B6DA500DF2D73 /* Assets.xcassets */ = {isa = PBXFileReference; lastKnownFileType = folder.assetcatalog; path = Assets.xcassets; sourceTree = "<group>"; };
		86030ABA2A8B6DA500DF2D73 /* Base */ = {isa = PBXFileReference; lastKnownFileType = file.storyboard; name = Base; path = Base.lproj/LaunchScreen.storyboard; sourceTree = "<group>"; };
		86030ABC2A8B6DA500DF2D73 /* Info.plist */ = {isa = PBXFileReference; lastKnownFileType = text.plist.xml; path = Info.plist; sourceTree = "<group>"; };
		86030AC62A8B6FCB00DF2D73 /* Extension.appex */ = {isa = PBXFileReference; explicitFileType = "wrapper.app-extension"; includeInIndex = 0; path = Extension.appex; sourceTree = BUILT_PRODUCTS_DIR; };
		86030AC82A8B6FCB00DF2D73 /* UniformTypeIdentifiers.framework */ = {isa = PBXFileReference; lastKnownFileType = wrapper.framework; name = UniformTypeIdentifiers.framework; path = System/Library/Frameworks/UniformTypeIdentifiers.framework; sourceTree = SDKROOT; };
		86030ACB2A8B6FCB00DF2D73 /* Media.xcassets */ = {isa = PBXFileReference; lastKnownFileType = folder.assetcatalog; path = Media.xcassets; sourceTree = "<group>"; };
		86030ACD2A8B6FCB00DF2D73 /* ActionViewController.swift */ = {isa = PBXFileReference; lastKnownFileType = sourcecode.swift; path = ActionViewController.swift; sourceTree = "<group>"; };
		86030AD02A8B6FCB00DF2D73 /* Base */ = {isa = PBXFileReference; lastKnownFileType = file.storyboard; name = Base; path = Base.lproj/MainInterface.storyboard; sourceTree = "<group>"; };
		86030AD22A8B6FCB00DF2D73 /* Info.plist */ = {isa = PBXFileReference; lastKnownFileType = text.plist.xml; path = Info.plist; sourceTree = "<group>"; };
		86030ADA2A8B742900DF2D73 /* Action.js */ = {isa = PBXFileReference; lastKnownFileType = sourcecode.javascript; path = Action.js; sourceTree = "<group>"; };
/* End PBXFileReference section */

/* Begin PBXFrameworksBuildPhase section */
		86030AA82A8B6DA400DF2D73 /* Frameworks */ = {
			isa = PBXFrameworksBuildPhase;
			buildActionMask = 2147483647;
			files = (
			);
			runOnlyForDeploymentPostprocessing = 0;
		};
		86030AC32A8B6FCB00DF2D73 /* Frameworks */ = {
			isa = PBXFrameworksBuildPhase;
			buildActionMask = 2147483647;
			files = (
				86030AC92A8B6FCB00DF2D73 /* UniformTypeIdentifiers.framework in Frameworks */,
			);
			runOnlyForDeploymentPostprocessing = 0;
		};
/* End PBXFrameworksBuildPhase section */

/* Begin PBXGroup section */
		86030AA22A8B6DA400DF2D73 = {
			isa = PBXGroup;
			children = (
				86030AAD2A8B6DA400DF2D73 /* Project19 */,
				86030ACA2A8B6FCB00DF2D73 /* Extension */,
				86030AC72A8B6FCB00DF2D73 /* Frameworks */,
				86030AAC2A8B6DA400DF2D73 /* Products */,
			);
			sourceTree = "<group>";
		};
		86030AAC2A8B6DA400DF2D73 /* Products */ = {
			isa = PBXGroup;
			children = (
				86030AAB2A8B6DA400DF2D73 /* Project19.app */,
				86030AC62A8B6FCB00DF2D73 /* Extension.appex */,
			);
			name = Products;
			sourceTree = "<group>";
		};
		86030AAD2A8B6DA400DF2D73 /* Project19 */ = {
			isa = PBXGroup;
			children = (
				86030AAE2A8B6DA400DF2D73 /* AppDelegate.swift */,
				86030AB02A8B6DA400DF2D73 /* SceneDelegate.swift */,
				86030AB22A8B6DA400DF2D73 /* ViewController.swift */,
				86030AB42A8B6DA400DF2D73 /* Main.storyboard */,
				86030AB72A8B6DA500DF2D73 /* Assets.xcassets */,
				86030AB92A8B6DA500DF2D73 /* LaunchScreen.storyboard */,
				86030ABC2A8B6DA500DF2D73 /* Info.plist */,
			);
			path = Project19;
			sourceTree = "<group>";
		};
		86030AC72A8B6FCB00DF2D73 /* Frameworks */ = {
			isa = PBXGroup;
			children = (
				86030AC82A8B6FCB00DF2D73 /* UniformTypeIdentifiers.framework */,
			);
			name = Frameworks;
			sourceTree = "<group>";
		};
		86030ACA2A8B6FCB00DF2D73 /* Extension */ = {
			isa = PBXGroup;
			children = (
				86030ACB2A8B6FCB00DF2D73 /* Media.xcassets */,
				86030ACD2A8B6FCB00DF2D73 /* ActionViewController.swift */,
				86030ACF2A8B6FCB00DF2D73 /* MainInterface.storyboard */,
				86030AD22A8B6FCB00DF2D73 /* Info.plist */,
				86030ADA2A8B742900DF2D73 /* Action.js */,
			);
			path = Extension;
			sourceTree = "<group>";
		};
/* End PBXGroup section */

/* Begin PBXNativeTarget section */
		86030AAA2A8B6DA400DF2D73 /* Project19 */ = {
			isa = PBXNativeTarget;
			buildConfigurationList = 86030ABF2A8B6DA500DF2D73 /* Build configuration list for PBXNativeTarget "Project19" */;
			buildPhases = (
				86030AA72A8B6DA400DF2D73 /* Sources */,
				86030AA82A8B6DA400DF2D73 /* Frameworks */,
				86030AA92A8B6DA400DF2D73 /* Resources */,
				86030AD92A8B6FCB00DF2D73 /* Embed Foundation Extensions */,
			);
			buildRules = (
			);
			dependencies = (
				86030AD42A8B6FCB00DF2D73 /* PBXTargetDependency */,
			);
			name = Project19;
			productName = Project19;
			productReference = 86030AAB2A8B6DA400DF2D73 /* Project19.app */;
			productType = "com.apple.product-type.application";
		};
		86030AC52A8B6FCB00DF2D73 /* Extension */ = {
			isa = PBXNativeTarget;
			buildConfigurationList = 86030AD62A8B6FCB00DF2D73 /* Build configuration list for PBXNativeTarget "Extension" */;
			buildPhases = (
				86030AC22A8B6FCB00DF2D73 /* Sources */,
				86030AC32A8B6FCB00DF2D73 /* Frameworks */,
				86030AC42A8B6FCB00DF2D73 /* Resources */,
			);
			buildRules = (
			);
			dependencies = (
			);
			name = Extension;
			productName = Extension;
			productReference = 86030AC62A8B6FCB00DF2D73 /* Extension.appex */;
			productType = "com.apple.product-type.app-extension";
		};
/* End PBXNativeTarget section */

/* Begin PBXProject section */
		86030AA32A8B6DA400DF2D73 /* Project object */ = {
			isa = PBXProject;
			attributes = {
				BuildIndependentTargetsInParallel = 1;
				LastSwiftUpdateCheck = 1420;
				LastUpgradeCheck = 1420;
				TargetAttributes = {
					86030AAA2A8B6DA400DF2D73 = {
						CreatedOnToolsVersion = 14.2;
					};
					86030AC52A8B6FCB00DF2D73 = {
						CreatedOnToolsVersion = 14.2;
					};
				};
			};
			buildConfigurationList = 86030AA62A8B6DA400DF2D73 /* Build configuration list for PBXProject "Project19" */;
			compatibilityVersion = "Xcode 14.0";
			developmentRegion = en;
			hasScannedForEncodings = 0;
			knownRegions = (
				en,
				Base,
			);
			mainGroup = 86030AA22A8B6DA400DF2D73;
			productRefGroup = 86030AAC2A8B6DA400DF2D73 /* Products */;
			projectDirPath = "";
			projectRoot = "";
			targets = (
				86030AAA2A8B6DA400DF2D73 /* Project19 */,
				86030AC52A8B6FCB00DF2D73 /* Extension */,
			);
		};
/* End PBXProject section */

/* Begin PBXResourcesBuildPhase section */
		86030AA92A8B6DA400DF2D73 /* Resources */ = {
			isa = PBXResourcesBuildPhase;
			buildActionMask = 2147483647;
			files = (
				86030ABB2A8B6DA500DF2D73 /* LaunchScreen.storyboard in Resources */,
				86030AB82A8B6DA500DF2D73 /* Assets.xcassets in Resources */,
				86030AB62A8B6DA400DF2D73 /* Main.storyboard in Resources */,
			);
			runOnlyForDeploymentPostprocessing = 0;
		};
		86030AC42A8B6FCB00DF2D73 /* Resources */ = {
			isa = PBXResourcesBuildPhase;
			buildActionMask = 2147483647;
			files = (
				86030ADB2A8B742900DF2D73 /* Action.js in Resources */,
				86030ACC2A8B6FCB00DF2D73 /* Media.xcassets in Resources */,
				86030AD12A8B6FCB00DF2D73 /* MainInterface.storyboard in Resources */,
			);
			runOnlyForDeploymentPostprocessing = 0;
		};
/* End PBXResourcesBuildPhase section */

/* Begin PBXSourcesBuildPhase section */
		86030AA72A8B6DA400DF2D73 /* Sources */ = {
			isa = PBXSourcesBuildPhase;
			buildActionMask = 2147483647;
			files = (
				86030AB32A8B6DA400DF2D73 /* ViewController.swift in Sources */,
				86030AAF2A8B6DA400DF2D73 /* AppDelegate.swift in Sources */,
				86030AB12A8B6DA400DF2D73 /* SceneDelegate.swift in Sources */,
			);
			runOnlyForDeploymentPostprocessing = 0;
		};
		86030AC22A8B6FCB00DF2D73 /* Sources */ = {
			isa = PBXSourcesBuildPhase;
			buildActionMask = 2147483647;
			files = (
				86030ACE2A8B6FCB00DF2D73 /* ActionViewController.swift in Sources */,
			);
			runOnlyForDeploymentPostprocessing = 0;
		};
/* End PBXSourcesBuildPhase section */

/* Begin PBXTargetDependency section */
		86030AD42A8B6FCB00DF2D73 /* PBXTargetDependency */ = {
			isa = PBXTargetDependency;
			target = 86030AC52A8B6FCB00DF2D73 /* Extension */;
			targetProxy = 86030AD32A8B6FCB00DF2D73 /* PBXContainerItemProxy */;
		};
/* End PBXTargetDependency section */

/* Begin PBXVariantGroup section */
		86030AB42A8B6DA400DF2D73 /* Main.storyboard */ = {
			isa = PBXVariantGroup;
			children = (
				86030AB52A8B6DA400DF2D73 /* Base */,
			);
			name = Main.storyboard;
			sourceTree = "<group>";
		};
		86030AB92A8B6DA500DF2D73 /* LaunchScreen.storyboard */ = {
			isa = PBXVariantGroup;
			children = (
				86030ABA2A8B6DA500DF2D73 /* Base */,
			);
			name = LaunchScreen.storyboard;
			sourceTree = "<group>";
		};
		86030ACF2A8B6FCB00DF2D73 /* MainInterface.storyboard */ = {
			isa = PBXVariantGroup;
			children = (
				86030AD02A8B6FCB00DF2D73 /* Base */,
			);
			name = MainInterface.storyboard;
			sourceTree = "<group>";
		};
/* End PBXVariantGroup section */

/* Begin XCBuildConfiguration section */
		86030ABD2A8B6DA500DF2D73 /* Debug */ = {
			isa = XCBuildConfiguration;
			buildSettings = {
				ALWAYS_SEARCH_USER_PATHS = NO;
				CLANG_ANALYZER_NONNULL = YES;
				CLANG_ANALYZER_NUMBER_OBJECT_CONVERSION = YES_AGGRESSIVE;
				CLANG_CXX_LANGUAGE_STANDARD = "gnu++20";
				CLANG_ENABLE_MODULES = YES;
				CLANG_ENABLE_OBJC_ARC = YES;
				CLANG_ENABLE_OBJC_WEAK = YES;
				CLANG_WARN_BLOCK_CAPTURE_AUTORELEASING = YES;
				CLANG_WARN_BOOL_CONVERSION = YES;
				CLANG_WARN_COMMA = YES;
				CLANG_WARN_CONSTANT_CONVERSION = YES;
				CLANG_WARN_DEPRECATED_OBJC_IMPLEMENTATIONS = YES;
				CLANG_WARN_DIRECT_OBJC_ISA_USAGE = YES_ERROR;
				CLANG_WARN_DOCUMENTATION_COMMENTS = YES;
				CLANG_WARN_EMPTY_BODY = YES;
				CLANG_WARN_ENUM_CONVERSION = YES;
				CLANG_WARN_INFINITE_RECURSION = YES;
				CLANG_WARN_INT_CONVERSION = YES;
				CLANG_WARN_NON_LITERAL_NULL_CONVERSION = YES;
				CLANG_WARN_OBJC_IMPLICIT_RETAIN_SELF = YES;
				CLANG_WARN_OBJC_LITERAL_CONVERSION = YES;
				CLANG_WARN_OBJC_ROOT_CLASS = YES_ERROR;
				CLANG_WARN_QUOTED_INCLUDE_IN_FRAMEWORK_HEADER = YES;
				CLANG_WARN_RANGE_LOOP_ANALYSIS = YES;
				CLANG_WARN_STRICT_PROTOTYPES = YES;
				CLANG_WARN_SUSPICIOUS_MOVE = YES;
				CLANG_WARN_UNGUARDED_AVAILABILITY = YES_AGGRESSIVE;
				CLANG_WARN_UNREACHABLE_CODE = YES;
				CLANG_WARN__DUPLICATE_METHOD_MATCH = YES;
				COPY_PHASE_STRIP = NO;
				DEBUG_INFORMATION_FORMAT = dwarf;
				ENABLE_STRICT_OBJC_MSGSEND = YES;
				ENABLE_TESTABILITY = YES;
				GCC_C_LANGUAGE_STANDARD = gnu11;
				GCC_DYNAMIC_NO_PIC = NO;
				GCC_NO_COMMON_BLOCKS = YES;
				GCC_OPTIMIZATION_LEVEL = 0;
				GCC_PREPROCESSOR_DEFINITIONS = (
					"DEBUG=1",
					"$(inherited)",
				);
				GCC_WARN_64_TO_32_BIT_CONVERSION = YES;
				GCC_WARN_ABOUT_RETURN_TYPE = YES_ERROR;
				GCC_WARN_UNDECLARED_SELECTOR = YES;
				GCC_WARN_UNINITIALIZED_AUTOS = YES_AGGRESSIVE;
				GCC_WARN_UNUSED_FUNCTION = YES;
				GCC_WARN_UNUSED_VARIABLE = YES;
				IPHONEOS_DEPLOYMENT_TARGET = 16.2;
				MTL_ENABLE_DEBUG_INFO = INCLUDE_SOURCE;
				MTL_FAST_MATH = YES;
				ONLY_ACTIVE_ARCH = YES;
				SDKROOT = iphoneos;
				SWIFT_ACTIVE_COMPILATION_CONDITIONS = DEBUG;
				SWIFT_OPTIMIZATION_LEVEL = "-Onone";
			};
			name = Debug;
		};
		86030ABE2A8B6DA500DF2D73 /* Release */ = {
			isa = XCBuildConfiguration;
			buildSettings = {
				ALWAYS_SEARCH_USER_PATHS = NO;
				CLANG_ANALYZER_NONNULL = YES;
				CLANG_ANALYZER_NUMBER_OBJECT_CONVERSION = YES_AGGRESSIVE;
				CLANG_CXX_LANGUAGE_STANDARD = "gnu++20";
				CLANG_ENABLE_MODULES = YES;
				CLANG_ENABLE_OBJC_ARC = YES;
				CLANG_ENABLE_OBJC_WEAK = YES;
				CLANG_WARN_BLOCK_CAPTURE_AUTORELEASING = YES;
				CLANG_WARN_BOOL_CONVERSION = YES;
				CLANG_WARN_COMMA = YES;
				CLANG_WARN_CONSTANT_CONVERSION = YES;
				CLANG_WARN_DEPRECATED_OBJC_IMPLEMENTATIONS = YES;
				CLANG_WARN_DIRECT_OBJC_ISA_USAGE = YES_ERROR;
				CLANG_WARN_DOCUMENTATION_COMMENTS = YES;
				CLANG_WARN_EMPTY_BODY = YES;
				CLANG_WARN_ENUM_CONVERSION = YES;
				CLANG_WARN_INFINITE_RECURSION = YES;
				CLANG_WARN_INT_CONVERSION = YES;
				CLANG_WARN_NON_LITERAL_NULL_CONVERSION = YES;
				CLANG_WARN_OBJC_IMPLICIT_RETAIN_SELF = YES;
				CLANG_WARN_OBJC_LITERAL_CONVERSION = YES;
				CLANG_WARN_OBJC_ROOT_CLASS = YES_ERROR;
				CLANG_WARN_QUOTED_INCLUDE_IN_FRAMEWORK_HEADER = YES;
				CLANG_WARN_RANGE_LOOP_ANALYSIS = YES;
				CLANG_WARN_STRICT_PROTOTYPES = YES;
				CLANG_WARN_SUSPICIOUS_MOVE = YES;
				CLANG_WARN_UNGUARDED_AVAILABILITY = YES_AGGRESSIVE;
				CLANG_WARN_UNREACHABLE_CODE = YES;
				CLANG_WARN__DUPLICATE_METHOD_MATCH = YES;
				COPY_PHASE_STRIP = NO;
				DEBUG_INFORMATION_FORMAT = "dwarf-with-dsym";
				ENABLE_NS_ASSERTIONS = NO;
				ENABLE_STRICT_OBJC_MSGSEND = YES;
				GCC_C_LANGUAGE_STANDARD = gnu11;
				GCC_NO_COMMON_BLOCKS = YES;
				GCC_WARN_64_TO_32_BIT_CONVERSION = YES;
				GCC_WARN_ABOUT_RETURN_TYPE = YES_ERROR;
				GCC_WARN_UNDECLARED_SELECTOR = YES;
				GCC_WARN_UNINITIALIZED_AUTOS = YES_AGGRESSIVE;
				GCC_WARN_UNUSED_FUNCTION = YES;
				GCC_WARN_UNUSED_VARIABLE = YES;
				IPHONEOS_DEPLOYMENT_TARGET = 16.2;
				MTL_ENABLE_DEBUG_INFO = NO;
				MTL_FAST_MATH = YES;
				SDKROOT = iphoneos;
				SWIFT_COMPILATION_MODE = wholemodule;
				SWIFT_OPTIMIZATION_LEVEL = "-O";
				VALIDATE_PRODUCT = YES;
			};
			name = Release;
		};
		86030AC02A8B6DA500DF2D73 /* Debug */ = {
			isa = XCBuildConfiguration;
			buildSettings = {
				ALWAYS_EMBED_SWIFT_STANDARD_LIBRARIES = YES;
				ASSETCATALOG_COMPILER_APPICON_NAME = AppIcon;
				ASSETCATALOG_COMPILER_GLOBAL_ACCENT_COLOR_NAME = AccentColor;
				CODE_SIGN_STYLE = Automatic;
				CURRENT_PROJECT_VERSION = 1;
				GENERATE_INFOPLIST_FILE = YES;
				INFOPLIST_FILE = Project19/Info.plist;
				INFOPLIST_KEY_UIApplicationSupportsIndirectInputEvents = YES;
				INFOPLIST_KEY_UILaunchStoryboardName = LaunchScreen;
				INFOPLIST_KEY_UIMainStoryboardFile = Main;
				INFOPLIST_KEY_UISupportedInterfaceOrientations_iPad = "UIInterfaceOrientationPortrait UIInterfaceOrientationPortraitUpsideDown UIInterfaceOrientationLandscapeLeft UIInterfaceOrientationLandscapeRight";
				INFOPLIST_KEY_UISupportedInterfaceOrientations_iPhone = "UIInterfaceOrientationPortrait UIInterfaceOrientationLandscapeLeft UIInterfaceOrientationLandscapeRight";
				IPHONEOS_DEPLOYMENT_TARGET = 14.0;
				LD_RUNPATH_SEARCH_PATHS = (
					"$(inherited)",
					"@executable_path/Frameworks",
				);
				MARKETING_VERSION = 1.0;
				PRODUCT_BUNDLE_IDENTIFIER = com.deryacayiroglu.Project19;
				PRODUCT_NAME = "$(TARGET_NAME)";
				SWIFT_EMIT_LOC_STRINGS = YES;
				SWIFT_VERSION = 5.0;
				TARGETED_DEVICE_FAMILY = "1,2";
			};
			name = Debug;
		};
		86030AC12A8B6DA500DF2D73 /* Release */ = {
			isa = XCBuildConfiguration;
			buildSettings = {
				ALWAYS_EMBED_SWIFT_STANDARD_LIBRARIES = YES;
				ASSETCATALOG_COMPILER_APPICON_NAME = AppIcon;
				ASSETCATALOG_COMPILER_GLOBAL_ACCENT_COLOR_NAME = AccentColor;
				CODE_SIGN_STYLE = Automatic;
				CURRENT_PROJECT_VERSION = 1;
				GENERATE_INFOPLIST_FILE = YES;
				INFOPLIST_FILE = Project19/Info.plist;
				INFOPLIST_KEY_UIApplicationSupportsIndirectInputEvents = YES;
				INFOPLIST_KEY_UILaunchStoryboardName = LaunchScreen;
				INFOPLIST_KEY_UIMainStoryboardFile = Main;
				INFOPLIST_KEY_UISupportedInterfaceOrientations_iPad = "UIInterfaceOrientationPortrait UIInterfaceOrientationPortraitUpsideDown UIInterfaceOrientationLandscapeLeft UIInterfaceOrientationLandscapeRight";
				INFOPLIST_KEY_UISupportedInterfaceOrientations_iPhone = "UIInterfaceOrientationPortrait UIInterfaceOrientationLandscapeLeft UIInterfaceOrientationLandscapeRight";
				IPHONEOS_DEPLOYMENT_TARGET = 14.0;
				LD_RUNPATH_SEARCH_PATHS = (
					"$(inherited)",
					"@executable_path/Frameworks",
				);
				MARKETING_VERSION = 1.0;
				PRODUCT_BUNDLE_IDENTIFIER = com.deryacayiroglu.Project19;
				PRODUCT_NAME = "$(TARGET_NAME)";
				SWIFT_EMIT_LOC_STRINGS = YES;
				SWIFT_VERSION = 5.0;
				TARGETED_DEVICE_FAMILY = "1,2";
			};
			name = Release;
		};
		86030AD72A8B6FCB00DF2D73 /* Debug */ = {
			isa = XCBuildConfiguration;
			buildSettings = {
				CODE_SIGN_STYLE = Automatic;
				CURRENT_PROJECT_VERSION = 1;
				GENERATE_INFOPLIST_FILE = YES;
				INFOPLIST_FILE = Extension/Info.plist;
				INFOPLIST_KEY_CFBundleDisplayName = Extension;
				INFOPLIST_KEY_NSHumanReadableCopyright = "";
				LD_RUNPATH_SEARCH_PATHS = (
					"$(inherited)",
					"@executable_path/Frameworks",
					"@executable_path/../../Frameworks",
				);
				MARKETING_VERSION = 1.0;
				PRODUCT_BUNDLE_IDENTIFIER = com.deryacayiroglu.Project19.Extension;
				PRODUCT_NAME = "$(TARGET_NAME)";
				SKIP_INSTALL = YES;
				SWIFT_EMIT_LOC_STRINGS = YES;
				SWIFT_VERSION = 5.0;
				TARGETED_DEVICE_FAMILY = "1,2";
			};
			name = Debug;
		};
		86030AD82A8B6FCB00DF2D73 /* Release */ = {
			isa = XCBuildConfiguration;
			buildSettings = {
				CODE_SIGN_STYLE = Automatic;
				CURRENT_PROJECT_VERSION = 1;
				GENERATE_INFOPLIST_FILE = YES;
				INFOPLIST_FILE = Extension/Info.plist;
				INFOPLIST_KEY_CFBundleDisplayName = Extension;
				INFOPLIST_KEY_NSHumanReadableCopyright = "";
				LD_RUNPATH_SEARCH_PATHS = (
					"$(inherited)",
					"@executable_path/Frameworks",
					"@executable_path/../../Frameworks",
				);
				MARKETING_VERSION = 1.0;
				PRODUCT_BUNDLE_IDENTIFIER = com.deryacayiroglu.Project19.Extension;
				PRODUCT_NAME = "$(TARGET_NAME)";
				SKIP_INSTALL = YES;
				SWIFT_EMIT_LOC_STRINGS = YES;
				SWIFT_VERSION = 5.0;
				TARGETED_DEVICE_FAMILY = "1,2";
			};
			name = Release;
		};
/* End XCBuildConfiguration section */

/* Begin XCConfigurationList section */
		86030AA62A8B6DA400DF2D73 /* Build configuration list for PBXProject "Project19" */ = {
			isa = XCConfigurationList;
			buildConfigurations = (
				86030ABD2A8B6DA500DF2D73 /* Debug */,
				86030ABE2A8B6DA500DF2D73 /* Release */,
			);
			defaultConfigurationIsVisible = 0;
			defaultConfigurationName = Release;
		};
		86030ABF2A8B6DA500DF2D73 /* Build configuration list for PBXNativeTarget "Project19" */ = {
			isa = XCConfigurationList;
			buildConfigurations = (
				86030AC02A8B6DA500DF2D73 /* Debug */,
				86030AC12A8B6DA500DF2D73 /* Release */,
			);
			defaultConfigurationIsVisible = 0;
			defaultConfigurationName = Release;
		};
		86030AD62A8B6FCB00DF2D73 /* Build configuration list for PBXNativeTarget "Extension" */ = {
			isa = XCConfigurationList;
			buildConfigurations = (
				86030AD72A8B6FCB00DF2D73 /* Debug */,
				86030AD82A8B6FCB00DF2D73 /* Release */,
			);
			defaultConfigurationIsVisible = 0;
			defaultConfigurationName = Release;
		};
/* End XCConfigurationList section */
	};
	rootObject = 86030AA32A8B6DA400DF2D73 /* Project object */;
}
